
Microsoft Visual Studio Solution File, Format Version 11.00
# Visual Studio 2010
Project("{FAE04EC0-301F-11D3-BF4B-00C04F79EFBC}") = "WWUtils", "..\WWUtils\WWUtils\WWUtils.csproj", "{4E4153E0-166B-43DB-A077-EB053B37AB89}"
EndProject
Project("{FAE04EC0-301F-11D3-BF4B-00C04F79EFBC}") = "AnyGUI", "AnyGUI\AnyGUI.csproj", "{270E0356-CE77-4366-A4B1-1E7CB9FC75AF}"
EndProject
Project("{FAE04EC0-301F-11D3-BF4B-00C04F79EFBC}") = "WWUtilTests", "..\WWUtils\WWUtilTeste\WWUtilTests.csproj", "{4FFFD1C0-E726-4B1E-B9C6-2C725FF87B48}"
EndProject
Project("{FAE04EC0-301F-11D3-BF4B-00C04F79EFBC}") = "MacMonogameGraphicsProvider", "MacMonogameGraphicsProvider\MacMonogameGraphicsProvider.csproj", "{2367C6DD-A592-4088-ADA5-969A559CD3E1}"
EndProject
Project("{FAE04EC0-301F-11D3-BF4B-00C04F79EFBC}") = "MonogameMacTest", "MonogameMacTest\MonogameMacTest.csproj", "{93BE6CFE-51F6-4EB1-81B4-9276C2A8C812}"
EndProject
Project("{FAE04EC0-301F-11D3-BF4B-00C04F79EFBC}") = "JavascriptGraphicsProvider", "JavascriptGraphicsProvider\JavascriptGraphicsProvider.csproj", "{208B6F7C-1D3D-4B0B-B3AC-9A65FB230E01}"
EndProject
Project("{FAE04EC0-301F-11D3-BF4B-00C04F79EFBC}") = "JavascriptGraphicsProviderTest", "JavascriptGraphicsProviderTest\JavascriptGraphicsProviderTest.csproj", "{192C20F0-0C2A-4BD0-885D-83E88BDD62F1}"
EndProject
Project("{FAE04EC0-301F-11D3-BF4B-00C04F79EFBC}") = "JavascriptAnyGUITest", "JavascriptAnyGUITest\JavascriptAnyGUITest.csproj", "{BAE5CB62-5484-4FE6-B289-2386AF47169F}"
EndProject
Project("{FAE04EC0-301F-11D3-BF4B-00C04F79EFBC}") = "test", "test\test.csproj", "{CCE0D504-B05A-4B14-BFB0-D94E12C506E9}"
EndProject
Project("{FAE04EC0-301F-11D3-BF4B-00C04F79EFBC}") = "TwoDEngine2.0", "TwoDEngine2.0\TwoDEngine2.0.csproj", "{A9FFB150-36E4-49E6-BDAF-C22F28CF3368}"
EndProject
Project("{FAE04EC0-301F-11D3-BF4B-00C04F79EFBC}") = "WindowsMonogameOGLGraphicsProvider", "WindowsMonogameOGLGraphicsProvider\WindowsMonogameOGLGraphicsProvider.csproj", "{9832A3BE-245D-4366-8AAE-55376141D629}"
EndProject
Project("{FAE04EC0-301F-11D3-BF4B-00C04F79EFBC}") = "MonogameWindowsOGLTest", "MonogameWindowsOGLTest\MonogameWindowsOGLTest.csproj", "{B831D79C-6B77-4DB3-8446-8805C5D614F1}"
EndProject
Project("{FAE04EC0-301F-11D3-BF4B-00C04F79EFBC}") = "iOSSimulatorMonogameGraphicsProvider", "iOSSimulatorMonogameGraphicsProvider\iOSSimulatorMonogameGraphicsProvider.csproj", "{AC3A6E5C-29B1-4FE2-B462-A92B83F1F686}"
EndProject
Project("{FAE04EC0-301F-11D3-BF4B-00C04F79EFBC}") = "iOSSimulatorMonogameTest", "iOSSimulatorMonogameTest\iOSSimulatorMonogameTest.csproj", "{26C92535-48AB-4E43-AC36-B4D04144493B}"
EndProject
Project("{FAE04EC0-301F-11D3-BF4B-00C04F79EFBC}") = "AndroidMonogameGraphicsProvider", "AndroidMonogameGraphicsProvider\AndroidMonogameGraphicsProvider.csproj", "{73C2EF3A-0962-4D53-BEBB-A49C9D5E4C6C}"
EndProject
Project("{FAE04EC0-301F-11D3-BF4B-00C04F79EFBC}") = "AndroidMonogameTest", "AndroidMonogameTest\AndroidMonogameTest.csproj", "{EE533164-57B8-4C9A-A6CF-DCF9F6DBF326}"
EndProject
Project("{FAE04EC0-301F-11D3-BF4B-00C04F79EFBC}") = "Quicktest", "Quicktest\Quicktest.csproj", "{BA74701C-2054-494C-8383-46C871E1F03B}"
EndProject
Global
	GlobalSection(SolutionConfigurationPlatforms) = preSolution
		Debug|Any CPU = Debug|Any CPU
		Release|Any CPU = Release|Any CPU
		Release 2.0|Any CPU = Release 2.0|Any CPU
		AppStore|Any CPU = AppStore|Any CPU
		Debug|iPhoneSimulator = Debug|iPhoneSimulator
		Release|iPhoneSimulator = Release|iPhoneSimulator
		Debug|iPhone = Debug|iPhone
		Release|iPhone = Release|iPhone
		Ad-Hoc|iPhone = Ad-Hoc|iPhone
		AppStore|iPhone = AppStore|iPhone
	EndGlobalSection
	GlobalSection(ProjectConfigurationPlatforms) = postSolution
		{192C20F0-0C2A-4BD0-885D-83E88BDD62F1}.Ad-Hoc|iPhone.ActiveCfg = Debug|Any CPU
		{192C20F0-0C2A-4BD0-885D-83E88BDD62F1}.Ad-Hoc|iPhone.Build.0 = Debug|Any CPU
		{192C20F0-0C2A-4BD0-885D-83E88BDD62F1}.AppStore|Any CPU.ActiveCfg = Release|Any CPU
		{192C20F0-0C2A-4BD0-885D-83E88BDD62F1}.AppStore|Any CPU.Build.0 = Release|Any CPU
		{192C20F0-0C2A-4BD0-885D-83E88BDD62F1}.AppStore|iPhone.ActiveCfg = Debug|Any CPU
		{192C20F0-0C2A-4BD0-885D-83E88BDD62F1}.AppStore|iPhone.Build.0 = Debug|Any CPU
		{192C20F0-0C2A-4BD0-885D-83E88BDD62F1}.Debug|Any CPU.ActiveCfg = Debug|Any CPU
		{192C20F0-0C2A-4BD0-885D-83E88BDD62F1}.Debug|Any CPU.Build.0 = Debug|Any CPU
		{192C20F0-0C2A-4BD0-885D-83E88BDD62F1}.Debug|iPhone.ActiveCfg = Debug|Any CPU
		{192C20F0-0C2A-4BD0-885D-83E88BDD62F1}.Debug|iPhone.Build.0 = Debug|Any CPU
		{192C20F0-0C2A-4BD0-885D-83E88BDD62F1}.Debug|iPhoneSimulator.ActiveCfg = Debug|Any CPU
		{192C20F0-0C2A-4BD0-885D-83E88BDD62F1}.Debug|iPhoneSimulator.Build.0 = Debug|Any CPU
		{192C20F0-0C2A-4BD0-885D-83E88BDD62F1}.Release 2.0|Any CPU.ActiveCfg = Debug|Any CPU
		{192C20F0-0C2A-4BD0-885D-83E88BDD62F1}.Release 2.0|Any CPU.Build.0 = Debug|Any CPU
		{192C20F0-0C2A-4BD0-885D-83E88BDD62F1}.Release|Any CPU.ActiveCfg = Release|Any CPU
		{192C20F0-0C2A-4BD0-885D-83E88BDD62F1}.Release|Any CPU.Build.0 = Release|Any CPU
		{192C20F0-0C2A-4BD0-885D-83E88BDD62F1}.Release|iPhone.ActiveCfg = Release|Any CPU
		{192C20F0-0C2A-4BD0-885D-83E88BDD62F1}.Release|iPhone.Build.0 = Release|Any CPU
		{192C20F0-0C2A-4BD0-885D-83E88BDD62F1}.Release|iPhoneSimulator.ActiveCfg = Release|Any CPU
		{192C20F0-0C2A-4BD0-885D-83E88BDD62F1}.Release|iPhoneSimulator.Build.0 = Release|Any CPU
		{208B6F7C-1D3D-4B0B-B3AC-9A65FB230E01}.Ad-Hoc|iPhone.ActiveCfg = Debug|Any CPU
		{208B6F7C-1D3D-4B0B-B3AC-9A65FB230E01}.Ad-Hoc|iPhone.Build.0 = Debug|Any CPU
		{208B6F7C-1D3D-4B0B-B3AC-9A65FB230E01}.AppStore|Any CPU.ActiveCfg = Release|Any CPU
		{208B6F7C-1D3D-4B0B-B3AC-9A65FB230E01}.AppStore|Any CPU.Build.0 = Release|Any CPU
		{208B6F7C-1D3D-4B0B-B3AC-9A65FB230E01}.AppStore|iPhone.ActiveCfg = Debug|Any CPU
		{208B6F7C-1D3D-4B0B-B3AC-9A65FB230E01}.AppStore|iPhone.Build.0 = Debug|Any CPU
		{208B6F7C-1D3D-4B0B-B3AC-9A65FB230E01}.Debug|Any CPU.ActiveCfg = Debug|Any CPU
		{208B6F7C-1D3D-4B0B-B3AC-9A65FB230E01}.Debug|Any CPU.Build.0 = Debug|Any CPU
		{208B6F7C-1D3D-4B0B-B3AC-9A65FB230E01}.Debug|iPhone.ActiveCfg = Debug|Any CPU
		{208B6F7C-1D3D-4B0B-B3AC-9A65FB230E01}.Debug|iPhone.Build.0 = Debug|Any CPU
		{208B6F7C-1D3D-4B0B-B3AC-9A65FB230E01}.Debug|iPhoneSimulator.ActiveCfg = Debug|Any CPU
		{208B6F7C-1D3D-4B0B-B3AC-9A65FB230E01}.Debug|iPhoneSimulator.Build.0 = Debug|Any CPU
		{208B6F7C-1D3D-4B0B-B3AC-9A65FB230E01}.Release 2.0|Any CPU.ActiveCfg = Debug|Any CPU
		{208B6F7C-1D3D-4B0B-B3AC-9A65FB230E01}.Release 2.0|Any CPU.Build.0 = Debug|Any CPU
		{208B6F7C-1D3D-4B0B-B3AC-9A65FB230E01}.Release|Any CPU.ActiveCfg = Release|Any CPU
		{208B6F7C-1D3D-4B0B-B3AC-9A65FB230E01}.Release|Any CPU.Build.0 = Release|Any CPU
		{208B6F7C-1D3D-4B0B-B3AC-9A65FB230E01}.Release|iPhone.ActiveCfg = Release|Any CPU
		{208B6F7C-1D3D-4B0B-B3AC-9A65FB230E01}.Release|iPhone.Build.0 = Release|Any CPU
		{208B6F7C-1D3D-4B0B-B3AC-9A65FB230E01}.Release|iPhoneSimulator.ActiveCfg = Release|Any CPU
		{208B6F7C-1D3D-4B0B-B3AC-9A65FB230E01}.Release|iPhoneSimulator.Build.0 = Release|Any CPU
		{2367C6DD-A592-4088-ADA5-969A559CD3E1}.Ad-Hoc|iPhone.ActiveCfg = Debug|Any CPU
		{2367C6DD-A592-4088-ADA5-969A559CD3E1}.Ad-Hoc|iPhone.Build.0 = Debug|Any CPU
		{2367C6DD-A592-4088-ADA5-969A559CD3E1}.AppStore|Any CPU.ActiveCfg = Debug|Any CPU
		{2367C6DD-A592-4088-ADA5-969A559CD3E1}.AppStore|Any CPU.Build.0 = Debug|Any CPU
		{2367C6DD-A592-4088-ADA5-969A559CD3E1}.AppStore|iPhone.ActiveCfg = Debug|Any CPU
		{2367C6DD-A592-4088-ADA5-969A559CD3E1}.AppStore|iPhone.Build.0 = Debug|Any CPU
		{2367C6DD-A592-4088-ADA5-969A559CD3E1}.Debug|Any CPU.ActiveCfg = Debug|Any CPU
		{2367C6DD-A592-4088-ADA5-969A559CD3E1}.Debug|Any CPU.Build.0 = Debug|Any CPU
		{2367C6DD-A592-4088-ADA5-969A559CD3E1}.Debug|iPhone.ActiveCfg = Debug|Any CPU
		{2367C6DD-A592-4088-ADA5-969A559CD3E1}.Debug|iPhone.Build.0 = Debug|Any CPU
		{2367C6DD-A592-4088-ADA5-969A559CD3E1}.Debug|iPhoneSimulator.ActiveCfg = Debug|Any CPU
		{2367C6DD-A592-4088-ADA5-969A559CD3E1}.Debug|iPhoneSimulator.Build.0 = Debug|Any CPU
		{2367C6DD-A592-4088-ADA5-969A559CD3E1}.Release 2.0|Any CPU.ActiveCfg = Debug|Any CPU
		{2367C6DD-A592-4088-ADA5-969A559CD3E1}.Release 2.0|Any CPU.Build.0 = Debug|Any CPU
		{2367C6DD-A592-4088-ADA5-969A559CD3E1}.Release|Any CPU.ActiveCfg = Release|Any CPU
		{2367C6DD-A592-4088-ADA5-969A559CD3E1}.Release|Any CPU.Build.0 = Release|Any CPU
		{2367C6DD-A592-4088-ADA5-969A559CD3E1}.Release|iPhone.ActiveCfg = Release|Any CPU
		{2367C6DD-A592-4088-ADA5-969A559CD3E1}.Release|iPhone.Build.0 = Release|Any CPU
		{2367C6DD-A592-4088-ADA5-969A559CD3E1}.Release|iPhoneSimulator.ActiveCfg = Release|Any CPU
		{2367C6DD-A592-4088-ADA5-969A559CD3E1}.Release|iPhoneSimulator.Build.0 = Release|Any CPU
		{26C92535-48AB-4E43-AC36-B4D04144493B}.Ad-Hoc|iPhone.ActiveCfg = Ad-Hoc|iPhone
		{26C92535-48AB-4E43-AC36-B4D04144493B}.Ad-Hoc|iPhone.Build.0 = Ad-Hoc|iPhone
		{26C92535-48AB-4E43-AC36-B4D04144493B}.AppStore|Any CPU.ActiveCfg = AppStore|iPhone
		{26C92535-48AB-4E43-AC36-B4D04144493B}.AppStore|Any CPU.Build.0 = AppStore|iPhone
		{26C92535-48AB-4E43-AC36-B4D04144493B}.AppStore|iPhone.ActiveCfg = AppStore|iPhone
		{26C92535-48AB-4E43-AC36-B4D04144493B}.AppStore|iPhone.Build.0 = AppStore|iPhone
		{26C92535-48AB-4E43-AC36-B4D04144493B}.Debug|Any CPU.ActiveCfg = Debug|iPhoneSimulator
		{26C92535-48AB-4E43-AC36-B4D04144493B}.Debug|Any CPU.Build.0 = Debug|iPhoneSimulator
		{26C92535-48AB-4E43-AC36-B4D04144493B}.Debug|iPhone.ActiveCfg = Debug|iPhone
		{26C92535-48AB-4E43-AC36-B4D04144493B}.Debug|iPhone.Build.0 = Debug|iPhone
		{26C92535-48AB-4E43-AC36-B4D04144493B}.Debug|iPhoneSimulator.ActiveCfg = Debug|iPhoneSimulator
		{26C92535-48AB-4E43-AC36-B4D04144493B}.Debug|iPhoneSimulator.Build.0 = Debug|iPhoneSimulator
		{26C92535-48AB-4E43-AC36-B4D04144493B}.Release 2.0|Any CPU.ActiveCfg = Debug|iPhoneSimulator
		{26C92535-48AB-4E43-AC36-B4D04144493B}.Release 2.0|Any CPU.Build.0 = Debug|iPhoneSimulator
		{26C92535-48AB-4E43-AC36-B4D04144493B}.Release|Any CPU.ActiveCfg = Release|iPhoneSimulator
		{26C92535-48AB-4E43-AC36-B4D04144493B}.Release|Any CPU.Build.0 = Release|iPhoneSimulator
		{26C92535-48AB-4E43-AC36-B4D04144493B}.Release|iPhone.ActiveCfg = Release|iPhone
		{26C92535-48AB-4E43-AC36-B4D04144493B}.Release|iPhone.Build.0 = Release|iPhone
		{26C92535-48AB-4E43-AC36-B4D04144493B}.Release|iPhoneSimulator.ActiveCfg = Release|iPhoneSimulator
		{26C92535-48AB-4E43-AC36-B4D04144493B}.Release|iPhoneSimulator.Build.0 = Release|iPhoneSimulator
		{270E0356-CE77-4366-A4B1-1E7CB9FC75AF}.Ad-Hoc|iPhone.ActiveCfg = Debug|Any CPU
		{270E0356-CE77-4366-A4B1-1E7CB9FC75AF}.Ad-Hoc|iPhone.Build.0 = Debug|Any CPU
		{270E0356-CE77-4366-A4B1-1E7CB9FC75AF}.AppStore|Any CPU.ActiveCfg = Debug|Any CPU
		{270E0356-CE77-4366-A4B1-1E7CB9FC75AF}.AppStore|Any CPU.Build.0 = Debug|Any CPU
		{270E0356-CE77-4366-A4B1-1E7CB9FC75AF}.AppStore|iPhone.ActiveCfg = Debug|Any CPU
		{270E0356-CE77-4366-A4B1-1E7CB9FC75AF}.AppStore|iPhone.Build.0 = Debug|Any CPU
		{270E0356-CE77-4366-A4B1-1E7CB9FC75AF}.Debug|Any CPU.ActiveCfg = Debug|Any CPU
		{270E0356-CE77-4366-A4B1-1E7CB9FC75AF}.Debug|Any CPU.Build.0 = Debug|Any CPU
		{270E0356-CE77-4366-A4B1-1E7CB9FC75AF}.Debug|iPhone.ActiveCfg = Debug|Any CPU
		{270E0356-CE77-4366-A4B1-1E7CB9FC75AF}.Debug|iPhone.Build.0 = Debug|Any CPU
		{270E0356-CE77-4366-A4B1-1E7CB9FC75AF}.Debug|iPhoneSimulator.ActiveCfg = Debug|Any CPU
		{270E0356-CE77-4366-A4B1-1E7CB9FC75AF}.Debug|iPhoneSimulator.Build.0 = Debug|Any CPU
		{270E0356-CE77-4366-A4B1-1E7CB9FC75AF}.Release 2.0|Any CPU.ActiveCfg = Debug|Any CPU
		{270E0356-CE77-4366-A4B1-1E7CB9FC75AF}.Release 2.0|Any CPU.Build.0 = Debug|Any CPU
		{270E0356-CE77-4366-A4B1-1E7CB9FC75AF}.Release|Any CPU.ActiveCfg = Release|Any CPU
		{270E0356-CE77-4366-A4B1-1E7CB9FC75AF}.Release|Any CPU.Build.0 = Release|Any CPU
		{270E0356-CE77-4366-A4B1-1E7CB9FC75AF}.Release|iPhone.ActiveCfg = Release|Any CPU
		{270E0356-CE77-4366-A4B1-1E7CB9FC75AF}.Release|iPhone.Build.0 = Release|Any CPU
		{270E0356-CE77-4366-A4B1-1E7CB9FC75AF}.Release|iPhoneSimulator.ActiveCfg = Release|Any CPU
		{270E0356-CE77-4366-A4B1-1E7CB9FC75AF}.Release|iPhoneSimulator.Build.0 = Release|Any CPU
		{4E4153E0-166B-43DB-A077-EB053B37AB89}.Ad-Hoc|iPhone.ActiveCfg = Debug|Any CPU
		{4E4153E0-166B-43DB-A077-EB053B37AB89}.Ad-Hoc|iPhone.Build.0 = Debug|Any CPU
		{4E4153E0-166B-43DB-A077-EB053B37AB89}.AppStore|Any CPU.ActiveCfg = Debug|Any CPU
		{4E4153E0-166B-43DB-A077-EB053B37AB89}.AppStore|Any CPU.Build.0 = Debug|Any CPU
		{4E4153E0-166B-43DB-A077-EB053B37AB89}.AppStore|iPhone.ActiveCfg = Debug|Any CPU
		{4E4153E0-166B-43DB-A077-EB053B37AB89}.AppStore|iPhone.Build.0 = Debug|Any CPU
		{4E4153E0-166B-43DB-A077-EB053B37AB89}.Debug|Any CPU.ActiveCfg = Debug|Any CPU
		{4E4153E0-166B-43DB-A077-EB053B37AB89}.Debug|Any CPU.Build.0 = Debug|Any CPU
		{4E4153E0-166B-43DB-A077-EB053B37AB89}.Debug|iPhone.ActiveCfg = Debug|Any CPU
		{4E4153E0-166B-43DB-A077-EB053B37AB89}.Debug|iPhone.Build.0 = Debug|Any CPU
		{4E4153E0-166B-43DB-A077-EB053B37AB89}.Debug|iPhoneSimulator.ActiveCfg = Debug|Any CPU
		{4E4153E0-166B-43DB-A077-EB053B37AB89}.Debug|iPhoneSimulator.Build.0 = Debug|Any CPU
		{4E4153E0-166B-43DB-A077-EB053B37AB89}.Release 2.0|Any CPU.ActiveCfg = Debug|Any CPU
		{4E4153E0-166B-43DB-A077-EB053B37AB89}.Release 2.0|Any CPU.Build.0 = Debug|Any CPU
		{4E4153E0-166B-43DB-A077-EB053B37AB89}.Release|Any CPU.ActiveCfg = Release|Any CPU
		{4E4153E0-166B-43DB-A077-EB053B37AB89}.Release|Any CPU.Build.0 = Release|Any CPU
		{4E4153E0-166B-43DB-A077-EB053B37AB89}.Release|iPhone.ActiveCfg = Release|Any CPU
		{4E4153E0-166B-43DB-A077-EB053B37AB89}.Release|iPhone.Build.0 = Release|Any CPU
		{4E4153E0-166B-43DB-A077-EB053B37AB89}.Release|iPhoneSimulator.ActiveCfg = Release|Any CPU
		{4E4153E0-166B-43DB-A077-EB053B37AB89}.Release|iPhoneSimulator.Build.0 = Release|Any CPU
		{4FFFD1C0-E726-4B1E-B9C6-2C725FF87B48}.Ad-Hoc|iPhone.ActiveCfg = Debug|Any CPU
		{4FFFD1C0-E726-4B1E-B9C6-2C725FF87B48}.Ad-Hoc|iPhone.Build.0 = Debug|Any CPU
		{4FFFD1C0-E726-4B1E-B9C6-2C725FF87B48}.AppStore|Any CPU.ActiveCfg = Debug|Any CPU
		{4FFFD1C0-E726-4B1E-B9C6-2C725FF87B48}.AppStore|Any CPU.Build.0 = Debug|Any CPU
		{4FFFD1C0-E726-4B1E-B9C6-2C725FF87B48}.AppStore|iPhone.ActiveCfg = Debug|Any CPU
		{4FFFD1C0-E726-4B1E-B9C6-2C725FF87B48}.AppStore|iPhone.Build.0 = Debug|Any CPU
		{4FFFD1C0-E726-4B1E-B9C6-2C725FF87B48}.Debug|Any CPU.ActiveCfg = Debug|Any CPU
		{4FFFD1C0-E726-4B1E-B9C6-2C725FF87B48}.Debug|Any CPU.Build.0 = Debug|Any CPU
		{4FFFD1C0-E726-4B1E-B9C6-2C725FF87B48}.Debug|iPhone.ActiveCfg = Debug|Any CPU
		{4FFFD1C0-E726-4B1E-B9C6-2C725FF87B48}.Debug|iPhone.Build.0 = Debug|Any CPU
		{4FFFD1C0-E726-4B1E-B9C6-2C725FF87B48}.Debug|iPhoneSimulator.ActiveCfg = Debug|Any CPU
		{4FFFD1C0-E726-4B1E-B9C6-2C725FF87B48}.Debug|iPhoneSimulator.Build.0 = Debug|Any CPU
		{4FFFD1C0-E726-4B1E-B9C6-2C725FF87B48}.Release 2.0|Any CPU.ActiveCfg = Debug|Any CPU
		{4FFFD1C0-E726-4B1E-B9C6-2C725FF87B48}.Release 2.0|Any CPU.Build.0 = Debug|Any CPU
		{4FFFD1C0-E726-4B1E-B9C6-2C725FF87B48}.Release|Any CPU.ActiveCfg = Release|Any CPU
		{4FFFD1C0-E726-4B1E-B9C6-2C725FF87B48}.Release|Any CPU.Build.0 = Release|Any CPU
		{4FFFD1C0-E726-4B1E-B9C6-2C725FF87B48}.Release|iPhone.ActiveCfg = Release|Any CPU
		{4FFFD1C0-E726-4B1E-B9C6-2C725FF87B48}.Release|iPhone.Build.0 = Release|Any CPU
		{4FFFD1C0-E726-4B1E-B9C6-2C725FF87B48}.Release|iPhoneSimulator.ActiveCfg = Release|Any CPU
		{4FFFD1C0-E726-4B1E-B9C6-2C725FF87B48}.Release|iPhoneSimulator.Build.0 = Release|Any CPU
		{73C2EF3A-0962-4D53-BEBB-A49C9D5E4C6C}.Ad-Hoc|iPhone.ActiveCfg = Debug|Any CPU
		{73C2EF3A-0962-4D53-BEBB-A49C9D5E4C6C}.Ad-Hoc|iPhone.Build.0 = Debug|Any CPU
		{73C2EF3A-0962-4D53-BEBB-A49C9D5E4C6C}.AppStore|Any CPU.ActiveCfg = Release|Any CPU
		{73C2EF3A-0962-4D53-BEBB-A49C9D5E4C6C}.AppStore|Any CPU.Build.0 = Release|Any CPU
		{73C2EF3A-0962-4D53-BEBB-A49C9D5E4C6C}.AppStore|iPhone.ActiveCfg = Release|Any CPU
		{73C2EF3A-0962-4D53-BEBB-A49C9D5E4C6C}.AppStore|iPhone.Build.0 = Release|Any CPU
		{73C2EF3A-0962-4D53-BEBB-A49C9D5E4C6C}.Debug|Any CPU.ActiveCfg = Debug|Any CPU
		{73C2EF3A-0962-4D53-BEBB-A49C9D5E4C6C}.Debug|Any CPU.Build.0 = Debug|Any CPU
		{73C2EF3A-0962-4D53-BEBB-A49C9D5E4C6C}.Debug|iPhone.ActiveCfg = Debug|Any CPU
		{73C2EF3A-0962-4D53-BEBB-A49C9D5E4C6C}.Debug|iPhone.Build.0 = Debug|Any CPU
		{73C2EF3A-0962-4D53-BEBB-A49C9D5E4C6C}.Debug|iPhoneSimulator.ActiveCfg = Debug|Any CPU
		{73C2EF3A-0962-4D53-BEBB-A49C9D5E4C6C}.Debug|iPhoneSimulator.Build.0 = Debug|Any CPU
		{73C2EF3A-0962-4D53-BEBB-A49C9D5E4C6C}.Release 2.0|Any CPU.ActiveCfg = Debug|Any CPU
		{73C2EF3A-0962-4D53-BEBB-A49C9D5E4C6C}.Release 2.0|Any CPU.Build.0 = Debug|Any CPU
		{73C2EF3A-0962-4D53-BEBB-A49C9D5E4C6C}.Release|Any CPU.ActiveCfg = Release|Any CPU
		{73C2EF3A-0962-4D53-BEBB-A49C9D5E4C6C}.Release|Any CPU.Build.0 = Release|Any CPU
		{73C2EF3A-0962-4D53-BEBB-A49C9D5E4C6C}.Release|iPhone.ActiveCfg = Release|Any CPU
		{73C2EF3A-0962-4D53-BEBB-A49C9D5E4C6C}.Release|iPhone.Build.0 = Release|Any CPU
		{73C2EF3A-0962-4D53-BEBB-A49C9D5E4C6C}.Release|iPhoneSimulator.ActiveCfg = Release|Any CPU
		{73C2EF3A-0962-4D53-BEBB-A49C9D5E4C6C}.Release|iPhoneSimulator.Build.0 = Release|Any CPU
		{93BE6CFE-51F6-4EB1-81B4-9276C2A8C812}.Ad-Hoc|iPhone.ActiveCfg = Debug|Any CPU
		{93BE6CFE-51F6-4EB1-81B4-9276C2A8C812}.Ad-Hoc|iPhone.Build.0 = Debug|Any CPU
		{93BE6CFE-51F6-4EB1-81B4-9276C2A8C812}.AppStore|Any CPU.ActiveCfg = AppStore|Any CPU
		{93BE6CFE-51F6-4EB1-81B4-9276C2A8C812}.AppStore|Any CPU.Build.0 = AppStore|Any CPU
		{93BE6CFE-51F6-4EB1-81B4-9276C2A8C812}.AppStore|iPhone.ActiveCfg = AppStore|Any CPU
		{93BE6CFE-51F6-4EB1-81B4-9276C2A8C812}.AppStore|iPhone.Build.0 = AppStore|Any CPU
		{93BE6CFE-51F6-4EB1-81B4-9276C2A8C812}.Debug|Any CPU.ActiveCfg = Debug|Any CPU
		{93BE6CFE-51F6-4EB1-81B4-9276C2A8C812}.Debug|Any CPU.Build.0 = Debug|Any CPU
		{93BE6CFE-51F6-4EB1-81B4-9276C2A8C812}.Debug|iPhone.ActiveCfg = Debug|Any CPU
		{93BE6CFE-51F6-4EB1-81B4-9276C2A8C812}.Debug|iPhone.Build.0 = Debug|Any CPU
		{93BE6CFE-51F6-4EB1-81B4-9276C2A8C812}.Debug|iPhoneSimulator.ActiveCfg = Debug|Any CPU
		{93BE6CFE-51F6-4EB1-81B4-9276C2A8C812}.Debug|iPhoneSimulator.Build.0 = Debug|Any CPU
		{93BE6CFE-51F6-4EB1-81B4-9276C2A8C812}.Release 2.0|Any CPU.ActiveCfg = Debug|Any CPU
		{93BE6CFE-51F6-4EB1-81B4-9276C2A8C812}.Release 2.0|Any CPU.Build.0 = Debug|Any CPU
		{93BE6CFE-51F6-4EB1-81B4-9276C2A8C812}.Release|Any CPU.ActiveCfg = Release|Any CPU
		{93BE6CFE-51F6-4EB1-81B4-9276C2A8C812}.Release|Any CPU.Build.0 = Release|Any CPU
		{93BE6CFE-51F6-4EB1-81B4-9276C2A8C812}.Release|iPhone.ActiveCfg = Release|Any CPU
		{93BE6CFE-51F6-4EB1-81B4-9276C2A8C812}.Release|iPhone.Build.0 = Release|Any CPU
		{93BE6CFE-51F6-4EB1-81B4-9276C2A8C812}.Release|iPhoneSimulator.ActiveCfg = Release|Any CPU
		{93BE6CFE-51F6-4EB1-81B4-9276C2A8C812}.Release|iPhoneSimulator.Build.0 = Release|Any CPU
		{9832A3BE-245D-4366-8AAE-55376141D629}.Ad-Hoc|iPhone.ActiveCfg = Debug|Any CPU
		{9832A3BE-245D-4366-8AAE-55376141D629}.Ad-Hoc|iPhone.Build.0 = Debug|Any CPU
		{9832A3BE-245D-4366-8AAE-55376141D629}.AppStore|Any CPU.ActiveCfg = Release|Any CPU
		{9832A3BE-245D-4366-8AAE-55376141D629}.AppStore|Any CPU.Build.0 = Release|Any CPU
		{9832A3BE-245D-4366-8AAE-55376141D629}.AppStore|iPhone.ActiveCfg = Debug|Any CPU
		{9832A3BE-245D-4366-8AAE-55376141D629}.AppStore|iPhone.Build.0 = Debug|Any CPU
		{9832A3BE-245D-4366-8AAE-55376141D629}.Debug|Any CPU.ActiveCfg = Debug|Any CPU
		{9832A3BE-245D-4366-8AAE-55376141D629}.Debug|Any CPU.Build.0 = Debug|Any CPU
		{9832A3BE-245D-4366-8AAE-55376141D629}.Debug|iPhone.ActiveCfg = Debug|Any CPU
		{9832A3BE-245D-4366-8AAE-55376141D629}.Debug|iPhone.Build.0 = Debug|Any CPU
		{9832A3BE-245D-4366-8AAE-55376141D629}.Debug|iPhoneSimulator.ActiveCfg = Debug|Any CPU
		{9832A3BE-245D-4366-8AAE-55376141D629}.Debug|iPhoneSimulator.Build.0 = Debug|Any CPU
		{9832A3BE-245D-4366-8AAE-55376141D629}.Release 2.0|Any CPU.ActiveCfg = Debug|Any CPU
		{9832A3BE-245D-4366-8AAE-55376141D629}.Release 2.0|Any CPU.Build.0 = Debug|Any CPU
		{9832A3BE-245D-4366-8AAE-55376141D629}.Release|Any CPU.ActiveCfg = Release|Any CPU
		{9832A3BE-245D-4366-8AAE-55376141D629}.Release|Any CPU.Build.0 = Release|Any CPU
		{9832A3BE-245D-4366-8AAE-55376141D629}.Release|iPhone.ActiveCfg = Release|Any CPU
		{9832A3BE-245D-4366-8AAE-55376141D629}.Release|iPhone.Build.0 = Release|Any CPU
		{9832A3BE-245D-4366-8AAE-55376141D629}.Release|iPhoneSimulator.ActiveCfg = Release|Any CPU
		{9832A3BE-245D-4366-8AAE-55376141D629}.Release|iPhoneSimulator.Build.0 = Release|Any CPU
		{A9FFB150-36E4-49E6-BDAF-C22F28CF3368}.Ad-Hoc|iPhone.ActiveCfg = Debug|Any CPU
		{A9FFB150-36E4-49E6-BDAF-C22F28CF3368}.Ad-Hoc|iPhone.Build.0 = Debug|Any CPU
		{A9FFB150-36E4-49E6-BDAF-C22F28CF3368}.AppStore|Any CPU.ActiveCfg = Release|Any CPU
		{A9FFB150-36E4-49E6-BDAF-C22F28CF3368}.AppStore|Any CPU.Build.0 = Release|Any CPU
		{A9FFB150-36E4-49E6-BDAF-C22F28CF3368}.AppStore|iPhone.ActiveCfg = Debug|Any CPU
		{A9FFB150-36E4-49E6-BDAF-C22F28CF3368}.AppStore|iPhone.Build.0 = Debug|Any CPU
		{A9FFB150-36E4-49E6-BDAF-C22F28CF3368}.Debug|Any CPU.ActiveCfg = Debug|Any CPU
		{A9FFB150-36E4-49E6-BDAF-C22F28CF3368}.Debug|Any CPU.Build.0 = Debug|Any CPU
		{A9FFB150-36E4-49E6-BDAF-C22F28CF3368}.Debug|iPhone.ActiveCfg = Debug|Any CPU
		{A9FFB150-36E4-49E6-BDAF-C22F28CF3368}.Debug|iPhone.Build.0 = Debug|Any CPU
		{A9FFB150-36E4-49E6-BDAF-C22F28CF3368}.Debug|iPhoneSimulator.ActiveCfg = Debug|Any CPU
		{A9FFB150-36E4-49E6-BDAF-C22F28CF3368}.Debug|iPhoneSimulator.Build.0 = Debug|Any CPU
		{A9FFB150-36E4-49E6-BDAF-C22F28CF3368}.Release 2.0|Any CPU.ActiveCfg = Debug|Any CPU
		{A9FFB150-36E4-49E6-BDAF-C22F28CF3368}.Release 2.0|Any CPU.Build.0 = Debug|Any CPU
		{A9FFB150-36E4-49E6-BDAF-C22F28CF3368}.Release|Any CPU.ActiveCfg = Release|Any CPU
		{A9FFB150-36E4-49E6-BDAF-C22F28CF3368}.Release|Any CPU.Build.0 = Release|Any CPU
		{A9FFB150-36E4-49E6-BDAF-C22F28CF3368}.Release|iPhone.ActiveCfg = Release|Any CPU
		{A9FFB150-36E4-49E6-BDAF-C22F28CF3368}.Release|iPhone.Build.0 = Release|Any CPU
		{A9FFB150-36E4-49E6-BDAF-C22F28CF3368}.Release|iPhoneSimulator.ActiveCfg = Release|Any CPU
		{A9FFB150-36E4-49E6-BDAF-C22F28CF3368}.Release|iPhoneSimulator.Build.0 = Release|Any CPU
		{AC3A6E5C-29B1-4FE2-B462-A92B83F1F686}.Ad-Hoc|iPhone.ActiveCfg = Ad-Hoc|iPhone
		{AC3A6E5C-29B1-4FE2-B462-A92B83F1F686}.Ad-Hoc|iPhone.Build.0 = Ad-Hoc|iPhone
		{AC3A6E5C-29B1-4FE2-B462-A92B83F1F686}.AppStore|Any CPU.ActiveCfg = AppStore|iPhone
		{AC3A6E5C-29B1-4FE2-B462-A92B83F1F686}.AppStore|Any CPU.Build.0 = AppStore|iPhone
		{AC3A6E5C-29B1-4FE2-B462-A92B83F1F686}.AppStore|iPhone.ActiveCfg = AppStore|iPhone
		{AC3A6E5C-29B1-4FE2-B462-A92B83F1F686}.AppStore|iPhone.Build.0 = AppStore|iPhone
		{AC3A6E5C-29B1-4FE2-B462-A92B83F1F686}.Debug|Any CPU.ActiveCfg = Debug|iPhoneSimulator
		{AC3A6E5C-29B1-4FE2-B462-A92B83F1F686}.Debug|Any CPU.Build.0 = Debug|iPhoneSimulator
		{AC3A6E5C-29B1-4FE2-B462-A92B83F1F686}.Debug|iPhone.ActiveCfg = Debug|iPhone
		{AC3A6E5C-29B1-4FE2-B462-A92B83F1F686}.Debug|iPhone.Build.0 = Debug|iPhone
		{AC3A6E5C-29B1-4FE2-B462-A92B83F1F686}.Debug|iPhoneSimulator.ActiveCfg = Debug|iPhoneSimulator
		{AC3A6E5C-29B1-4FE2-B462-A92B83F1F686}.Debug|iPhoneSimulator.Build.0 = Debug|iPhoneSimulator
		{AC3A6E5C-29B1-4FE2-B462-A92B83F1F686}.Release 2.0|Any CPU.ActiveCfg = Debug|iPhoneSimulator
		{AC3A6E5C-29B1-4FE2-B462-A92B83F1F686}.Release 2.0|Any CPU.Build.0 = Debug|iPhoneSimulator
		{AC3A6E5C-29B1-4FE2-B462-A92B83F1F686}.Release|Any CPU.ActiveCfg = Release|iPhoneSimulator
		{AC3A6E5C-29B1-4FE2-B462-A92B83F1F686}.Release|Any CPU.Build.0 = Release|iPhoneSimulator
		{AC3A6E5C-29B1-4FE2-B462-A92B83F1F686}.Release|iPhone.ActiveCfg = Release|iPhone
		{AC3A6E5C-29B1-4FE2-B462-A92B83F1F686}.Release|iPhone.Build.0 = Release|iPhone
		{AC3A6E5C-29B1-4FE2-B462-A92B83F1F686}.Release|iPhoneSimulator.ActiveCfg = Release|iPhoneSimulator
		{AC3A6E5C-29B1-4FE2-B462-A92B83F1F686}.Release|iPhoneSimulator.Build.0 = Release|iPhoneSimulator
		{B831D79C-6B77-4DB3-8446-8805C5D614F1}.Ad-Hoc|iPhone.ActiveCfg = Debug|Any CPU
		{B831D79C-6B77-4DB3-8446-8805C5D614F1}.Ad-Hoc|iPhone.Build.0 = Debug|Any CPU
		{B831D79C-6B77-4DB3-8446-8805C5D614F1}.AppStore|Any CPU.ActiveCfg = Release|Any CPU
		{B831D79C-6B77-4DB3-8446-8805C5D614F1}.AppStore|Any CPU.Build.0 = Release|Any CPU
		{B831D79C-6B77-4DB3-8446-8805C5D614F1}.AppStore|iPhone.ActiveCfg = Debug|Any CPU
		{B831D79C-6B77-4DB3-8446-8805C5D614F1}.AppStore|iPhone.Build.0 = Debug|Any CPU
		{B831D79C-6B77-4DB3-8446-8805C5D614F1}.Debug|Any CPU.ActiveCfg = Debug|Any CPU
		{B831D79C-6B77-4DB3-8446-8805C5D614F1}.Debug|Any CPU.Build.0 = Debug|Any CPU
		{B831D79C-6B77-4DB3-8446-8805C5D614F1}.Debug|iPhone.ActiveCfg = Debug|Any CPU
		{B831D79C-6B77-4DB3-8446-8805C5D614F1}.Debug|iPhone.Build.0 = Debug|Any CPU
		{B831D79C-6B77-4DB3-8446-8805C5D614F1}.Debug|iPhoneSimulator.ActiveCfg = Debug|Any CPU
		{B831D79C-6B77-4DB3-8446-8805C5D614F1}.Debug|iPhoneSimulator.Build.0 = Debug|Any CPU
		{B831D79C-6B77-4DB3-8446-8805C5D614F1}.Release 2.0|Any CPU.ActiveCfg = Debug|Any CPU
		{B831D79C-6B77-4DB3-8446-8805C5D614F1}.Release 2.0|Any CPU.Build.0 = Debug|Any CPU
		{B831D79C-6B77-4DB3-8446-8805C5D614F1}.Release|Any CPU.ActiveCfg = Release|Any CPU
		{B831D79C-6B77-4DB3-8446-8805C5D614F1}.Release|Any CPU.Build.0 = Release|Any CPU
		{B831D79C-6B77-4DB3-8446-8805C5D614F1}.Release|iPhone.ActiveCfg = Release|Any CPU
		{B831D79C-6B77-4DB3-8446-8805C5D614F1}.Release|iPhone.Build.0 = Release|Any CPU
		{B831D79C-6B77-4DB3-8446-8805C5D614F1}.Release|iPhoneSimulator.ActiveCfg = Release|Any CPU
		{B831D79C-6B77-4DB3-8446-8805C5D614F1}.Release|iPhoneSimulator.Build.0 = Release|Any CPU
		{BA74701C-2054-494C-8383-46C871E1F03B}.Ad-Hoc|iPhone.ActiveCfg = Debug|Any CPU
		{BA74701C-2054-494C-8383-46C871E1F03B}.Ad-Hoc|iPhone.Build.0 = Debug|Any CPU
		{BA74701C-2054-494C-8383-46C871E1F03B}.AppStore|Any CPU.ActiveCfg = Release|Any CPU
		{BA74701C-2054-494C-8383-46C871E1F03B}.AppStore|Any CPU.Build.0 = Release|Any CPU
		{BA74701C-2054-494C-8383-46C871E1F03B}.AppStore|iPhone.ActiveCfg = Release|Any CPU
		{BA74701C-2054-494C-8383-46C871E1F03B}.AppStore|iPhone.Build.0 = Release|Any CPU
		{BA74701C-2054-494C-8383-46C871E1F03B}.Debug|Any CPU.ActiveCfg = Debug|Any CPU
		{BA74701C-2054-494C-8383-46C871E1F03B}.Debug|Any CPU.Build.0 = Debug|Any CPU
		{BA74701C-2054-494C-8383-46C871E1F03B}.Debug|iPhone.ActiveCfg = Debug|Any CPU
		{BA74701C-2054-494C-8383-46C871E1F03B}.Debug|iPhone.Build.0 = Debug|Any CPU
		{BA74701C-2054-494C-8383-46C871E1F03B}.Debug|iPhoneSimulator.ActiveCfg = Debug|Any CPU
		{BA74701C-2054-494C-8383-46C871E1F03B}.Debug|iPhoneSimulator.Build.0 = Debug|Any CPU
		{BA74701C-2054-494C-8383-46C871E1F03B}.Release 2.0|Any CPU.ActiveCfg = Debug|Any CPU
		{BA74701C-2054-494C-8383-46C871E1F03B}.Release 2.0|Any CPU.Build.0 = Debug|Any CPU
		{BA74701C-2054-494C-8383-46C871E1F03B}.Release|Any CPU.ActiveCfg = Release|Any CPU
		{BA74701C-2054-494C-8383-46C871E1F03B}.Release|Any CPU.Build.0 = Release|Any CPU
		{BA74701C-2054-494C-8383-46C871E1F03B}.Release|iPhone.ActiveCfg = Release|Any CPU
		{BA74701C-2054-494C-8383-46C871E1F03B}.Release|iPhone.Build.0 = Release|Any CPU
		{BA74701C-2054-494C-8383-46C871E1F03B}.Release|iPhoneSimulator.ActiveCfg = Release|Any CPU
		{BA74701C-2054-494C-8383-46C871E1F03B}.Release|iPhoneSimulator.Build.0 = Release|Any CPU
		{BAE5CB62-5484-4FE6-B289-2386AF47169F}.Ad-Hoc|iPhone.ActiveCfg = Debug|Any CPU
		{BAE5CB62-5484-4FE6-B289-2386AF47169F}.Ad-Hoc|iPhone.Build.0 = Debug|Any CPU
		{BAE5CB62-5484-4FE6-B289-2386AF47169F}.AppStore|Any CPU.ActiveCfg = Release|Any CPU
		{BAE5CB62-5484-4FE6-B289-2386AF47169F}.AppStore|Any CPU.Build.0 = Release|Any CPU
		{BAE5CB62-5484-4FE6-B289-2386AF47169F}.AppStore|iPhone.ActiveCfg = Debug|Any CPU
		{BAE5CB62-5484-4FE6-B289-2386AF47169F}.AppStore|iPhone.Build.0 = Debug|Any CPU
		{BAE5CB62-5484-4FE6-B289-2386AF47169F}.Debug|Any CPU.ActiveCfg = Debug|Any CPU
		{BAE5CB62-5484-4FE6-B289-2386AF47169F}.Debug|Any CPU.Build.0 = Debug|Any CPU
		{BAE5CB62-5484-4FE6-B289-2386AF47169F}.Debug|iPhone.ActiveCfg = Debug|Any CPU
		{BAE5CB62-5484-4FE6-B289-2386AF47169F}.Debug|iPhone.Build.0 = Debug|Any CPU
		{BAE5CB62-5484-4FE6-B289-2386AF47169F}.Debug|iPhoneSimulator.ActiveCfg = Debug|Any CPU
		{BAE5CB62-5484-4FE6-B289-2386AF47169F}.Debug|iPhoneSimulator.Build.0 = Debug|Any CPU
		{BAE5CB62-5484-4FE6-B289-2386AF47169F}.Release 2.0|Any CPU.ActiveCfg = Debug|Any CPU
		{BAE5CB62-5484-4FE6-B289-2386AF47169F}.Release 2.0|Any CPU.Build.0 = Debug|Any CPU
		{BAE5CB62-5484-4FE6-B289-2386AF47169F}.Release|Any CPU.ActiveCfg = Release|Any CPU
		{BAE5CB62-5484-4FE6-B289-2386AF47169F}.Release|Any CPU.Build.0 = Release|Any CPU
		{BAE5CB62-5484-4FE6-B289-2386AF47169F}.Release|iPhone.ActiveCfg = Release|Any CPU
		{BAE5CB62-5484-4FE6-B289-2386AF47169F}.Release|iPhone.Build.0 = Release|Any CPU
		{BAE5CB62-5484-4FE6-B289-2386AF47169F}.Release|iPhoneSimulator.ActiveCfg = Release|Any CPU
		{BAE5CB62-5484-4FE6-B289-2386AF47169F}.Release|iPhoneSimulator.Build.0 = Release|Any CPU
		{CCE0D504-B05A-4B14-BFB0-D94E12C506E9}.Ad-Hoc|iPhone.ActiveCfg = Debug|Any CPU
		{CCE0D504-B05A-4B14-BFB0-D94E12C506E9}.Ad-Hoc|iPhone.Build.0 = Debug|Any CPU
		{CCE0D504-B05A-4B14-BFB0-D94E12C506E9}.AppStore|Any CPU.ActiveCfg = Release|Any CPU
		{CCE0D504-B05A-4B14-BFB0-D94E12C506E9}.AppStore|Any CPU.Build.0 = Release|Any CPU
		{CCE0D504-B05A-4B14-BFB0-D94E12C506E9}.AppStore|iPhone.ActiveCfg = Debug|Any CPU
		{CCE0D504-B05A-4B14-BFB0-D94E12C506E9}.AppStore|iPhone.Build.0 = Debug|Any CPU
		{CCE0D504-B05A-4B14-BFB0-D94E12C506E9}.Debug|Any CPU.ActiveCfg = Debug|Any CPU
		{CCE0D504-B05A-4B14-BFB0-D94E12C506E9}.Debug|Any CPU.Build.0 = Debug|Any CPU
		{CCE0D504-B05A-4B14-BFB0-D94E12C506E9}.Debug|iPhone.ActiveCfg = Debug|Any CPU
		{CCE0D504-B05A-4B14-BFB0-D94E12C506E9}.Debug|iPhone.Build.0 = Debug|Any CPU
		{CCE0D504-B05A-4B14-BFB0-D94E12C506E9}.Debug|iPhoneSimulator.ActiveCfg = Debug|Any CPU
		{CCE0D504-B05A-4B14-BFB0-D94E12C506E9}.Debug|iPhoneSimulator.Build.0 = Debug|Any CPU
		{CCE0D504-B05A-4B14-BFB0-D94E12C506E9}.Release 2.0|Any CPU.ActiveCfg = Debug|Any CPU
		{CCE0D504-B05A-4B14-BFB0-D94E12C506E9}.Release 2.0|Any CPU.Build.0 = Debug|Any CPU
		{CCE0D504-B05A-4B14-BFB0-D94E12C506E9}.Release|Any CPU.ActiveCfg = Release|Any CPU
		{CCE0D504-B05A-4B14-BFB0-D94E12C506E9}.Release|Any CPU.Build.0 = Release|Any CPU
		{CCE0D504-B05A-4B14-BFB0-D94E12C506E9}.Release|iPhone.ActiveCfg = Release|Any CPU
		{CCE0D504-B05A-4B14-BFB0-D94E12C506E9}.Release|iPhone.Build.0 = Release|Any CPU
		{CCE0D504-B05A-4B14-BFB0-D94E12C506E9}.Release|iPhoneSimulator.ActiveCfg = Release|Any CPU
		{CCE0D504-B05A-4B14-BFB0-D94E12C506E9}.Release|iPhoneSimulator.Build.0 = Release|Any CPU
		{EE533164-57B8-4C9A-A6CF-DCF9F6DBF326}.Ad-Hoc|iPhone.ActiveCfg = Debug|Any CPU
		{EE533164-57B8-4C9A-A6CF-DCF9F6DBF326}.Ad-Hoc|iPhone.Build.0 = Debug|Any CPU
		{EE533164-57B8-4C9A-A6CF-DCF9F6DBF326}.AppStore|Any CPU.ActiveCfg = Release|Any CPU
		{EE533164-57B8-4C9A-A6CF-DCF9F6DBF326}.AppStore|Any CPU.Build.0 = Release|Any CPU
		{EE533164-57B8-4C9A-A6CF-DCF9F6DBF326}.AppStore|iPhone.ActiveCfg = Release|Any CPU
		{EE533164-57B8-4C9A-A6CF-DCF9F6DBF326}.AppStore|iPhone.Build.0 = Release|Any CPU
		{EE533164-57B8-4C9A-A6CF-DCF9F6DBF326}.Debug|Any CPU.ActiveCfg = Debug|Any CPU
		{EE533164-57B8-4C9A-A6CF-DCF9F6DBF326}.Debug|Any CPU.Build.0 = Debug|Any CPU
		{EE533164-57B8-4C9A-A6CF-DCF9F6DBF326}.Debug|iPhone.ActiveCfg = Debug|Any CPU
		{EE533164-57B8-4C9A-A6CF-DCF9F6DBF326}.Debug|iPhone.Build.0 = Debug|Any CPU
		{EE533164-57B8-4C9A-A6CF-DCF9F6DBF326}.Debug|iPhoneSimulator.ActiveCfg = Debug|Any CPU
		{EE533164-57B8-4C9A-A6CF-DCF9F6DBF326}.Debug|iPhoneSimulator.Build.0 = Debug|Any CPU
		{EE533164-57B8-4C9A-A6CF-DCF9F6DBF326}.Release 2.0|Any CPU.ActiveCfg = Debug|Any CPU
		{EE533164-57B8-4C9A-A6CF-DCF9F6DBF326}.Release 2.0|Any CPU.Build.0 = Debug|Any CPU
		{EE533164-57B8-4C9A-A6CF-DCF9F6DBF326}.Release|Any CPU.ActiveCfg = Release|Any CPU
		{EE533164-57B8-4C9A-A6CF-DCF9F6DBF326}.Release|Any CPU.Build.0 = Release|Any CPU
		{EE533164-57B8-4C9A-A6CF-DCF9F6DBF326}.Release|iPhone.ActiveCfg = Release|Any CPU
		{EE533164-57B8-4C9A-A6CF-DCF9F6DBF326}.Release|iPhone.Build.0 = Release|Any CPU
		{EE533164-57B8-4C9A-A6CF-DCF9F6DBF326}.Release|iPhoneSimulator.ActiveCfg = Release|Any CPU
		{EE533164-57B8-4C9A-A6CF-DCF9F6DBF326}.Release|iPhoneSimulator.Build.0 = Release|Any CPU
	EndGlobalSection
	GlobalSection(MonoDevelopProperties) = preSolution
		StartupItem = MonogameMacTest\MonogameMacTest.csproj
	EndGlobalSection
EndGlobal
